// !$*UTF8*$!
{
	archiveVersion = 1;
	classes = {
	};
	objectVersion = 50;
	objects = {

/* Begin PBXBuildFile section */
		55E855E4210D758F00A03B4A /* AppDelegate.swift in Sources */ = {isa = PBXBuildFile; fileRef = 55E855E3210D758F00A03B4A /* AppDelegate.swift */; };
		55E855E6210D758F00A03B4A /* ViewController.swift in Sources */ = {isa = PBXBuildFile; fileRef = 55E855E5210D758F00A03B4A /* ViewController.swift */; };
		55E855E9210D758F00A03B4A /* Main.storyboard in Resources */ = {isa = PBXBuildFile; fileRef = 55E855E7210D758F00A03B4A /* Main.storyboard */; };
		55E855EC210D758F00A03B4A /* Road_to_1M.xcdatamodeld in Sources */ = {isa = PBXBuildFile; fileRef = 55E855EA210D758F00A03B4A /* Road_to_1M.xcdatamodeld */; };
		55E855EE210D759B00A03B4A /* Assets.xcassets in Resources */ = {isa = PBXBuildFile; fileRef = 55E855ED210D759B00A03B4A /* Assets.xcassets */; };
		55E855F1210D759B00A03B4A /* LaunchScreen.storyboard in Resources */ = {isa = PBXBuildFile; fileRef = 55E855EF210D759B00A03B4A /* LaunchScreen.storyboard */; };
/* End PBXBuildFile section */

/* Begin PBXFileReference section */
		55E855E0210D758F00A03B4A /* Road to 1M.app */ = {isa = PBXFileReference; explicitFileType = wrapper.application; includeInIndex = 0; path = "Road to 1M.app"; sourceTree = BUILT_PRODUCTS_DIR; };
		55E855E3210D758F00A03B4A /* AppDelegate.swift */ = {isa = PBXFileReference; lastKnownFileType = sourcecode.swift; path = AppDelegate.swift; sourceTree = "<group>"; };
		55E855E5210D758F00A03B4A /* ViewController.swift */ = {isa = PBXFileReference; lastKnownFileType = sourcecode.swift; path = ViewController.swift; sourceTree = "<group>"; };
		55E855E8210D758F00A03B4A /* Base */ = {isa = PBXFileReference; lastKnownFileType = file.storyboard; name = Base; path = Base.lproj/Main.storyboard; sourceTree = "<group>"; };
		55E855EB210D758F00A03B4A /* Road_to_1M.xcdatamodel */ = {isa = PBXFileReference; lastKnownFileType = wrapper.xcdatamodel; path = Road_to_1M.xcdatamodel; sourceTree = "<group>"; };
		55E855ED210D759B00A03B4A /* Assets.xcassets */ = {isa = PBXFileReference; lastKnownFileType = folder.assetcatalog; path = Assets.xcassets; sourceTree = "<group>"; };
		55E855F0210D759B00A03B4A /* Base */ = {isa = PBXFileReference; lastKnownFileType = file.storyboard; name = Base; path = Base.lproj/LaunchScreen.storyboard; sourceTree = "<group>"; };
		55E855F2210D759B00A03B4A /* Info.plist */ = {isa = PBXFileReference; lastKnownFileType = text.plist.xml; path = Info.plist; sourceTree = "<group>"; };
/* End PBXFileReference section */

/* Begin PBXFrameworksBuildPhase section */
		55E855DD210D758F00A03B4A /* Frameworks */ = {
			isa = PBXFrameworksBuildPhase;
			buildActionMask = 2147483647;
			files = (
			);
			runOnlyForDeploymentPostprocessing = 0;
		};
/* End PBXFrameworksBuildPhase section */

/* Begin PBXGroup section */
		55E855D7210D758F00A03B4A = {
			isa = PBXGroup;
			children = (
				55E855E2210D758F00A03B4A /* Road to 1M */,
				55E855E1210D758F00A03B4A /* Products */,
			);
			sourceTree = "<group>";
		};
		55E855E1210D758F00A03B4A /* Products */ = {
			isa = PBXGroup;
			children = (
				55E855E0210D758F00A03B4A /* Road to 1M.app */,
			);
			name = Products;
			sourceTree = "<group>";
		};
		55E855E2210D758F00A03B4A /* Road to 1M */ = {
			isa = PBXGroup;
			children = (
				55E855E3210D758F00A03B4A /* AppDelegate.swift */,
				55E855E5210D758F00A03B4A /* ViewController.swift */,
				55E855E7210D758F00A03B4A /* Main.storyboard */,
				55E855ED210D759B00A03B4A /* Assets.xcassets */,
				55E855EF210D759B00A03B4A /* LaunchScreen.storyboard */,
				55E855F2210D759B00A03B4A /* Info.plist */,
				55E855EA210D758F00A03B4A /* Road_to_1M.xcdatamodeld */,
			);
			path = "Road to 1M";
			sourceTree = "<group>";
		};
/* End PBXGroup section */

/* Begin PBXNativeTarget section */
		55E855DF210D758F00A03B4A /* Road to 1M */ = {
			isa = PBXNativeTarget;
			buildConfigurationList = 55E855F5210D759B00A03B4A /* Build configuration list for PBXNativeTarget "Road to 1M" */;
			buildPhases = (
				55E855DC210D758F00A03B4A /* Sources */,
				55E855DD210D758F00A03B4A /* Frameworks */,
				55E855DE210D758F00A03B4A /* Resources */,
			);
			buildRules = (
			);
			dependencies = (
			);
			name = "Road to 1M";
			productName = "Road to 1M";
			productReference = 55E855E0210D758F00A03B4A /* Road to 1M.app */;
			productType = "com.apple.product-type.application";
		};
/* End PBXNativeTarget section */

/* Begin PBXProject section */
		55E855D8210D758F00A03B4A /* Project object */ = {
			isa = PBXProject;
			attributes = {
				LastSwiftUpdateCheck = 0940;
				LastUpgradeCheck = 0940;
				ORGANIZATIONNAME = 1M;
				TargetAttributes = {
					55E855DF210D758F00A03B4A = {
						CreatedOnToolsVersion = 9.4.1;
					};
				};
			};
			buildConfigurationList = 55E855DB210D758F00A03B4A /* Build configuration list for PBXProject "Road to 1M" */;
			compatibilityVersion = "Xcode 9.3";
			developmentRegion = en;
			hasScannedForEncodings = 0;
			knownRegions = (
				en,
				Base,
			);
			mainGroup = 55E855D7210D758F00A03B4A;
			productRefGroup = 55E855E1210D758F00A03B4A /* Products */;
			projectDirPath = "";
			projectRoot = "";
			targets = (
				55E855DF210D758F00A03B4A /* Road to 1M */,
			);
		};
/* End PBXProject section */

/* Begin PBXResourcesBuildPhase section */
		55E855DE210D758F00A03B4A /* Resources */ = {
			isa = PBXResourcesBuildPhase;
			buildActionMask = 2147483647;
			files = (
				55E855F1210D759B00A03B4A /* LaunchScreen.storyboard in Resources */,
				55E855EE210D759B00A03B4A /* Assets.xcassets in Resources */,
				55E855E9210D758F00A03B4A /* Main.storyboard in Resources */,
			);
			runOnlyForDeploymentPostprocessing = 0;
		};
/* End PBXResourcesBuildPhase section */

/* Begin PBXSourcesBuildPhase section */
		55E855DC210D758F00A03B4A /* Sources */ = {
			isa = PBXSourcesBuildPhase;
			buildActionMask = 2147483647;
			files = (
				55E855E6210D758F00A03B4A /* ViewController.swift in Sources */,
				55E855E4210D758F00A03B4A /* AppDelegate.swift in Sources */,
				55E855EC210D758F00A03B4A /* Road_to_1M.xcdatamodeld in Sources */,
			);
			runOnlyForDeploymentPostprocessing = 0;
		};
/* End PBXSourcesBuildPhase section */

/* Begin PBXVariantGroup section */
		55E855E7210D758F00A03B4A /* Main.storyboard */ = {
			isa = PBXVariantGroup;
			children = (
				55E855E8210D758F00A03B4A /* Base */,
			);
			name = Main.storyboard;
			sourceTree = "<group>";
		};
		55E855EF210D759B00A03B4A /* LaunchScreen.storyboard */ = {
			isa = PBXVariantGroup;
			children = (
				55E855F0210D759B00A03B4A /* Base */,
			);
			name = LaunchScreen.storyboard;
			sourceTree = "<group>";
		};
/* End PBXVariantGroup section */

/* Begin XCBuildConfiguration section */
		55E855F3210D759B00A03B4A /* Debug */ = {
			isa = XCBuildConfiguration;
			buildSettings = {
				ALWAYS_SEARCH_USER_PATHS = NO;
				CLANG_ANALYZER_NONNULL = YES;
				CLANG_ANALYZER_NUMBER_OBJECT_CONVERSION = YES_AGGRESSIVE;
				CLANG_CXX_LANGUAGE_STANDARD = "gnu++14";
				CLANG_CXX_LIBRARY = "libc++";
				CLANG_ENABLE_MODULES = YES;
				CLANG_ENABLE_OBJC_ARC = YES;
				CLANG_ENABLE_OBJC_WEAK = YES;
				CLANG_WARN_BLOCK_CAPTURE_AUTORELEASING = YES;
				CLANG_WARN_BOOL_CONVERSION = YES;
				CLANG_WARN_COMMA = YES;
				CLANG_WARN_CONSTANT_CONVERSION = YES;
				CLANG_WARN_DEPRECATED_OBJC_IMPLEMENTATIONS = YES;
				CLANG_WARN_DIRECT_OBJC_ISA_USAGE = YES_ERROR;
				CLANG_WARN_DOCUMENTATION_COMMENTS = YES;
				CLANG_WARN_EMPTY_BODY = YES;
				CLANG_WARN_ENUM_CONVERSION = YES;
				CLANG_WARN_INFINITE_RECURSION = YES;
				CLANG_WARN_INT_CONVERSION = YES;
				CLANG_WARN_NON_LITERAL_NULL_CONVERSION = YES;
				CLANG_WARN_OBJC_IMPLICIT_RETAIN_SELF = YES;
				CLANG_WARN_OBJC_LITERAL_CONVERSION = YES;
				CLANG_WARN_OBJC_ROOT_CLASS = YES_ERROR;
				CLANG_WARN_RANGE_LOOP_ANALYSIS = YES;
				CLANG_WARN_STRICT_PROTOTYPES = YES;
				CLANG_WARN_SUSPICIOUS_MOVE = YES;
				CLANG_WARN_UNGUARDED_AVAILABILITY = YES_AGGRESSIVE;
				CLANG_WARN_UNREACHABLE_CODE = YES;
				CLANG_WARN__DUPLICATE_METHOD_MATCH = YES;
				CODE_SIGN_IDENTITY = "iPhone Developer";
				COPY_PHASE_STRIP = NO;
				DEBUG_INFORMATION_FORMAT = dwarf;
				ENABLE_STRICT_OBJC_MSGSEND = YES;
				ENABLE_TESTABILITY = YES;
				GCC_C_LANGUAGE_STANDARD = gnu11;
				GCC_DYNAMIC_NO_PIC = NO;
				GCC_NO_COMMON_BLOCKS = YES;
				GCC_OPTIMIZATION_LEVEL = 0;
				GCC_PREPROCESSOR_DEFINITIONS = (
					"DEBUG=1",
					"$(inherited)",
				);
				GCC_WARN_64_TO_32_BIT_CONVERSION = YES;
				GCC_WARN_ABOUT_RETURN_TYPE = YES_ERROR;
				GCC_WARN_UNDECLARED_SELECTOR = YES;
				GCC_WARN_UNINITIALIZED_AUTOS = YES_AGGRESSIVE;
				GCC_WARN_UNUSED_FUNCTION = YES;
				GCC_WARN_UNUSED_VARIABLE = YES;
				IPHONEOS_DEPLOYMENT_TARGET = 11.4;
				MTL_ENABLE_DEBUG_INFO = YES;
				ONLY_ACTIVE_ARCH = YES;
				SDKROOT = iphoneos;
				SWIFT_ACTIVE_COMPILATION_CONDITIONS = DEBUG;
				SWIFT_OPTIMIZATION_LEVEL = "-Onone";
			};
			name = Debug;
		};
		55E855F4210D759B00A03B4A /* Release */ = {
			isa = XCBuildConfiguration;
			buildSettings = {
				ALWAYS_SEARCH_USER_PATHS = NO;
				CLANG_ANALYZER_NONNULL = YES;
				CLANG_ANALYZER_NUMBER_OBJECT_CONVERSION = YES_AGGRESSIVE;
				CLANG_CXX_LANGUAGE_STANDARD = "gnu++14";
				CLANG_CXX_LIBRARY = "libc++";
				CLANG_ENABLE_MODULES = YES;
				CLANG_ENABLE_OBJC_ARC = YES;
				CLANG_ENABLE_OBJC_WEAK = YES;
				CLANG_WARN_BLOCK_CAPTURE_AUTORELEASING = YES;
				CLANG_WARN_BOOL_CONVERSION = YES;
				CLANG_WARN_COMMA = YES;
				CLANG_WARN_CONSTANT_CONVERSION = YES;
				CLANG_WARN_DEPRECATED_OBJC_IMPLEMENTATIONS = YES;
				CLANG_WARN_DIRECT_OBJC_ISA_USAGE = YES_ERROR;
				CLANG_WARN_DOCUMENTATION_COMMENTS = YES;
				CLANG_WARN_EMPTY_BODY = YES;
				CLANG_WARN_ENUM_CONVERSION = YES;
				CLANG_WARN_INFINITE_RECURSION = YES;
				CLANG_WARN_INT_CONVERSION = YES;
				CLANG_WARN_NON_LITERAL_NULL_CONVERSION = YES;
				CLANG_WARN_OBJC_IMPLICIT_RETAIN_SELF = YES;
				CLANG_WARN_OBJC_LITERAL_CONVERSION = YES;
				CLANG_WARN_OBJC_ROOT_CLASS = YES_ERROR;
				CLANG_WARN_RANGE_LOOP_ANALYSIS = YES;
				CLANG_WARN_STRICT_PROTOTYPES = YES;
				CLANG_WARN_SUSPICIOUS_MOVE = YES;
				CLANG_WARN_UNGUARDED_AVAILABILITY = YES_AGGRESSIVE;
				CLANG_WARN_UNREACHABLE_CODE = YES;
				CLANG_WARN__DUPLICATE_METHOD_MATCH = YES;
				CODE_SIGN_IDENTITY = "iPhone Developer";
				COPY_PHASE_STRIP = NO;
				DEBUG_INFORMATION_FORMAT = "dwarf-with-dsym";
				ENABLE_NS_ASSERTIONS = NO;
				ENABLE_STRICT_OBJC_MSGSEND = YES;
				GCC_C_LANGUAGE_STANDARD = gnu11;
				GCC_NO_COMMON_BLOCKS = YES;
				GCC_WARN_64_TO_32_BIT_CONVERSION = YES;
				GCC_WARN_ABOUT_RETURN_TYPE = YES_ERROR;
				GCC_WARN_UNDECLARED_SELECTOR = YES;
				GCC_WARN_UNINITIALIZED_AUTOS = YES_AGGRESSIVE;
				GCC_WARN_UNUSED_FUNCTION = YES;
				GCC_WARN_UNUSED_VARIABLE = YES;
				IPHONEOS_DEPLOYMENT_TARGET = 11.4;
				MTL_ENABLE_DEBUG_INFO = NO;
				SDKROOT = iphoneos;
				SWIFT_COMPILATION_MODE = wholemodule;
				SWIFT_OPTIMIZATION_LEVEL = "-O";
				VALIDATE_PRODUCT = YES;
			};
			name = Release;
		};
		55E855F6210D759B00A03B4A /* Debug */ = {
			isa = XCBuildConfiguration;
			buildSettings = {
				ASSETCATALOG_COMPILER_APPICON_NAME = AppIcon;
				CODE_SIGN_STYLE = Automatic;
				DEVELOPMENT_TEAM = 8FGR9K6R38;
				INFOPLIST_FILE = "Road to 1M/Info.plist";
				LD_RUNPATH_SEARCH_PATHS = (
					"$(inherited)",
					"@executable_path/Frameworks",
				);
				PRODUCT_BUNDLE_IDENTIFIER = "OneMillionAPP.Road-to-1M";
				PRODUCT_NAME = "$(TARGET_NAME)";
				SWIFT_VERSION = 4.0;
				TARGETED_DEVICE_FAMILY = "1,2";
			};
			name = Debug;
		};
		55E855F7210D759B00A03B4A /* Release */ = {
			isa = XCBuildConfiguration;
			buildSettings = {
				ASSETCATALOG_COMPILER_APPICON_NAME = AppIcon;
				CODE_SIGN_STYLE = Automatic;
				DEVELOPMENT_TEAM = 8FGR9K6R38;
				INFOPLIST_FILE = "Road to 1M/Info.plist";
				LD_RUNPATH_SEARCH_PATHS = (
					"$(inherited)",
					"@executable_path/Frameworks",
				);
				PRODUCT_BUNDLE_IDENTIFIER = "OneMillionAPP.Road-to-1M";
				PRODUCT_NAME = "$(TARGET_NAME)";
				SWIFT_VERSION = 4.0;
				TARGETED_DEVICE_FAMILY = "1,2";
			};
			name = Release;
		};
/* End XCBuildConfiguration section */

/* Begin XCConfigurationList section */
		55E855DB210D758F00A03B4A /* Build configuration list for PBXProject "Road to 1M" */ = {
			isa = XCConfigurationList;
			buildConfigurations = (
				55E855F3210D759B00A03B4A /* Debug */,
				55E855F4210D759B00A03B4A /* Release */,
			);
			defaultConfigurationIsVisible = 0;
			defaultConfigurationName = Release;
		};
		55E855F5210D759B00A03B4A /* Build configuration list for PBXNativeTarget "Road to 1M" */ = {
			isa = XCConfigurationList;
			buildConfigurations = (
				55E855F6210D759B00A03B4A /* Debug */,
				55E855F7210D759B00A03B4A /* Release */,
			);
			defaultConfigurationIsVisible = 0;
			defaultConfigurationName = Release;
		};
/* End XCConfigurationList section */

/* Begin XCVersionGroup section */
		55E855EA210D758F00A03B4A /* Road_to_1M.xcdatamodeld */ = {
			isa = XCVersionGroup;
			children = (
				55E855EB210D758F00A03B4A /* Road_to_1M.xcdatamodel */,
			);
			currentVersion = 55E855EB210D758F00A03B4A /* Road_to_1M.xcdatamodel */;
			path = Road_to_1M.xcdatamodeld;
			sourceTree = "<group>";
			versionGroupType = wrapper.xcdatamodel;
		};
/* End XCVersionGroup section */
	};
	rootObject = 55E855D8210D758F00A03B4A /* Project object */;
}
